{
  "version": 4,
  "terraform_version": "1.1.2",
  "serial": 6,
  "lineage": "c25b62f7-354c-8548-0dc4-b0d6258afdd8",
  "outputs": {},
  "resources": [
    {
      "mode": "managed",
      "type": "digitalocean_kubernetes_cluster",
      "name": "kubernetes_cluster",
      "provider": "provider[\"registry.terraform.io/digitalocean/digitalocean\"]",
      "instances": [
        {
          "schema_version": 3,
          "attributes": {
            "auto_upgrade": false,
            "cluster_subnet": "10.244.0.0/16",
            "created_at": "2021-12-22 12:35:28 +0000 UTC",
            "endpoint": "https://532c2783-bab5-4966-b238-457f65328ce0.k8s.ondigitalocean.com",
            "ha": false,
            "id": "532c2783-bab5-4966-b238-457f65328ce0",
            "ipv4_address": "178.62.211.228",
            "kube_config": [
              {
                "client_certificate": "",
                "client_key": "",
                "cluster_ca_certificate": "LS0tLS1CRUdJTiBDRVJUSUZJQ0FURS0tLS0tCk1JSURKekNDQWcrZ0F3SUJBZ0lDQm5Vd0RRWUpLb1pJaHZjTkFRRUxCUUF3TXpFVk1CTUdBMVVFQ2hNTVJHbG4KYVhSaGJFOWpaV0Z1TVJvd0dBWURWUVFERXhGck9ITmhZWE1nUTJ4MWMzUmxjaUJEUVRBZUZ3MHlNVEV5TWpJeApNak0xTXpCYUZ3MDBNVEV5TWpJeE1qTTFNekJhTURNeEZUQVRCZ05WQkFvVERFUnBaMmwwWVd4UFkyVmhiakVhCk1CZ0dBMVVFQXhNUmF6aHpZV0Z6SUVOc2RYTjBaWElnUTBFd2dnRWlNQTBHQ1NxR1NJYjNEUUVCQVFVQUE0SUIKRHdBd2dnRUtBb0lCQVFEWTY4MEx6SjIxY0JucU1Ka0ZhOGNjblc3VzdYYmE3Nm9ob3dLbFdHeEJpNVVQMnE2TApvVk5EVGpMWG5KanN0SXNCVFFSRHpONFBxd3NXeHd4UjRQV3ROR2MrZ3VFOVZaYWFpMnVYWEZoSlV5dUtocitpCnZnTnBlMTA5NVp6UjVCUjRoT0dvNXF1aVYwSE1pYm9uL20wRFlnY0szZzV1UkJvOVZVc0VWbjFzbjNleWRpZ0YKWUkySW04NmNoOE96WWJYRTM2c095TEF6TUgzakdER3J1dTN6ME9QcVNDRHlEOTVEVXBZbTNPd0Z0YXdBMXUwegpwZ2RBQWZxd0srcTNXY2U1V2tXWnBTRGwwbHFWc2pwWnVEajFnaFNQNCtncnFyRU02V3lVT214V1V6NDE0M3hpClhLQmtQWWI0YmJQMGwvTEJCMkE1cWlycUQyWDN4TTIxVTJjZkFnTUJBQUdqUlRCRE1BNEdBMVVkRHdFQi93UUUKQXdJQmhqQVNCZ05WSFJNQkFmOEVDREFHQVFIL0FnRUFNQjBHQTFVZERnUVdCQlFSWHZaaGNGQmNpNERRaWl5Ngp4dUF6bVh3bWFEQU5CZ2txaGtpRzl3MEJBUXNGQUFPQ0FRRUFRbk1MclpaU3g3eHR2Zm5hUTdDZHJBT0JlYkFrCkZWWWJmdUp1cGtlaXRMazlZa0UyaUlDQ01oNFd4d3ljYWNKWTlKR09MU3U1b1RtTC9UMm9uYXhYaGRJMjQ3V2wKd0tPRTRqeml0S2tMQmJVOE1IRTR3Njd0QjZIbm9MbFJnN0hOZmw0b3ZKTldBY0V4Z3RUcXRYdy91cnowbWdJSwpxWnBlVHBleThOcXRHS1RoSnlUelJjcng2VkNsU0owRFE5cEN6c09NaHJBcXlkeEwwYUtuWGJCTFo3cndxbHZvCjhsR1o4RUJacFdwd05hSXhnNXg0cUl2WU05VDJLK1R0SVFuT1VEOXI1dy9Pd2UxYy9xczZWbHhkN3J6b0lqT3AKZUZZQ1ZCUHJPQXlNSGxPRWt5U0FxdTk4OGU4TC9HWk11SFR1eElrcFExOUUzeVdXdFc1c2VuSXRNZz09Ci0tLS0tRU5EIENFUlRJRklDQVRFLS0tLS0K",
                "expires_at": "2021-12-29T12:41:50Z",
                "host": "https://532c2783-bab5-4966-b238-457f65328ce0.k8s.ondigitalocean.com",
                "raw_config": "apiVersion: v1\nkind: Config\nclusters:\n- cluster:\n    certificate-authority-data: LS0tLS1CRUdJTiBDRVJUSUZJQ0FURS0tLS0tCk1JSURKekNDQWcrZ0F3SUJBZ0lDQm5Vd0RRWUpLb1pJaHZjTkFRRUxCUUF3TXpFVk1CTUdBMVVFQ2hNTVJHbG4KYVhSaGJFOWpaV0Z1TVJvd0dBWURWUVFERXhGck9ITmhZWE1nUTJ4MWMzUmxjaUJEUVRBZUZ3MHlNVEV5TWpJeApNak0xTXpCYUZ3MDBNVEV5TWpJeE1qTTFNekJhTURNeEZUQVRCZ05WQkFvVERFUnBaMmwwWVd4UFkyVmhiakVhCk1CZ0dBMVVFQXhNUmF6aHpZV0Z6SUVOc2RYTjBaWElnUTBFd2dnRWlNQTBHQ1NxR1NJYjNEUUVCQVFVQUE0SUIKRHdBd2dnRUtBb0lCQVFEWTY4MEx6SjIxY0JucU1Ka0ZhOGNjblc3VzdYYmE3Nm9ob3dLbFdHeEJpNVVQMnE2TApvVk5EVGpMWG5KanN0SXNCVFFSRHpONFBxd3NXeHd4UjRQV3ROR2MrZ3VFOVZaYWFpMnVYWEZoSlV5dUtocitpCnZnTnBlMTA5NVp6UjVCUjRoT0dvNXF1aVYwSE1pYm9uL20wRFlnY0szZzV1UkJvOVZVc0VWbjFzbjNleWRpZ0YKWUkySW04NmNoOE96WWJYRTM2c095TEF6TUgzakdER3J1dTN6ME9QcVNDRHlEOTVEVXBZbTNPd0Z0YXdBMXUwegpwZ2RBQWZxd0srcTNXY2U1V2tXWnBTRGwwbHFWc2pwWnVEajFnaFNQNCtncnFyRU02V3lVT214V1V6NDE0M3hpClhLQmtQWWI0YmJQMGwvTEJCMkE1cWlycUQyWDN4TTIxVTJjZkFnTUJBQUdqUlRCRE1BNEdBMVVkRHdFQi93UUUKQXdJQmhqQVNCZ05WSFJNQkFmOEVDREFHQVFIL0FnRUFNQjBHQTFVZERnUVdCQlFSWHZaaGNGQmNpNERRaWl5Ngp4dUF6bVh3bWFEQU5CZ2txaGtpRzl3MEJBUXNGQUFPQ0FRRUFRbk1MclpaU3g3eHR2Zm5hUTdDZHJBT0JlYkFrCkZWWWJmdUp1cGtlaXRMazlZa0UyaUlDQ01oNFd4d3ljYWNKWTlKR09MU3U1b1RtTC9UMm9uYXhYaGRJMjQ3V2wKd0tPRTRqeml0S2tMQmJVOE1IRTR3Njd0QjZIbm9MbFJnN0hOZmw0b3ZKTldBY0V4Z3RUcXRYdy91cnowbWdJSwpxWnBlVHBleThOcXRHS1RoSnlUelJjcng2VkNsU0owRFE5cEN6c09NaHJBcXlkeEwwYUtuWGJCTFo3cndxbHZvCjhsR1o4RUJacFdwd05hSXhnNXg0cUl2WU05VDJLK1R0SVFuT1VEOXI1dy9Pd2UxYy9xczZWbHhkN3J6b0lqT3AKZUZZQ1ZCUHJPQXlNSGxPRWt5U0FxdTk4OGU4TC9HWk11SFR1eElrcFExOUUzeVdXdFc1c2VuSXRNZz09Ci0tLS0tRU5EIENFUlRJRklDQVRFLS0tLS0K\n    server: https://532c2783-bab5-4966-b238-457f65328ce0.k8s.ondigitalocean.com\n  name: do-ams3-terraform-do-cluster\ncontexts:\n- context:\n    cluster: do-ams3-terraform-do-cluster\n    user: do-ams3-terraform-do-cluster-admin\n  name: do-ams3-terraform-do-cluster\ncurrent-context: do-ams3-terraform-do-cluster\nusers:\n- name: do-ams3-terraform-do-cluster-admin\n  user:\n    token: b94cc8f30e60a82435a29efa91e28e0dcdee1c21894563b38f44e630f8dec55d\n",
                "token": "b94cc8f30e60a82435a29efa91e28e0dcdee1c21894563b38f44e630f8dec55d"
              }
            ],
            "maintenance_policy": [
              {
                "day": "any",
                "duration": "4h0m0s",
                "start_time": "20:00"
              }
            ],
            "name": "terraform-do-cluster",
            "node_pool": [
              {
                "actual_node_count": 1,
                "auto_scale": false,
                "id": "606893c4-946a-471e-9a12-ad813244f4a7",
                "labels": {},
                "max_nodes": 0,
                "min_nodes": 0,
                "name": "default-pool",
                "node_count": 1,
                "nodes": [
                  {
                    "created_at": "2021-12-22 12:35:28 +0000 UTC",
                    "droplet_id": "278942806",
                    "id": "c82f4b92-2adf-41f5-a1e2-2f34f1cf135c",
                    "name": "default-pool-uaw71",
                    "status": "running",
                    "updated_at": "2021-12-22 12:39:44 +0000 UTC"
                  }
                ],
                "size": "s-1vcpu-2gb",
                "tags": [
                  "node-pool-tag"
                ],
                "taint": []
              }
            ],
            "region": "ams3",
            "service_subnet": "10.245.0.0/16",
            "status": "running",
            "surge_upgrade": true,
            "tags": [
              "my-tag"
            ],
            "timeouts": null,
            "updated_at": "2021-12-22 12:45:26 +0000 UTC",
            "urn": "do:kubernetes:532c2783-bab5-4966-b238-457f65328ce0",
            "version": "1.21.5-do.0",
            "vpc_uuid": "18c93bee-a82d-4eb8-93f1-dc0b74a7ad89"
          },
          "sensitive_attributes": [],
          "private": "eyJlMmJmYjczMC1lY2FhLTExZTYtOGY4OC0zNDM2M2JjN2M0YzAiOnsiY3JlYXRlIjoxODAwMDAwMDAwMDAwfSwic2NoZW1hX3ZlcnNpb24iOiIzIn0="
        }
      ]
    },
    {
      "mode": "managed",
      "type": "digitalocean_kubernetes_node_pool",
      "name": "app_node_pool",
      "provider": "provider[\"registry.terraform.io/digitalocean/digitalocean\"]",
      "instances": [
        {
          "schema_version": 1,
          "attributes": {
            "actual_node_count": 1,
            "auto_scale": true,
            "cluster_id": "532c2783-bab5-4966-b238-457f65328ce0",
            "id": "657a7f89-e2d3-499f-8bc1-9a4baa4151af",
            "labels": {},
            "max_nodes": 2,
            "min_nodes": 1,
            "name": "app-pool",
            "node_count": 1,
            "nodes": [
              {
                "created_at": "2021-12-22 12:41:53 +0000 UTC",
                "droplet_id": "278943020",
                "id": "d5bb1bad-9b5c-4dae-86d4-13c7f9f6ac45",
                "name": "app-pool-uawmh",
                "status": "running",
                "updated_at": "2021-12-22 12:42:44 +0000 UTC"
              }
            ],
            "size": "s-1vcpu-2gb",
            "tags": [
              "applications"
            ],
            "taint": [],
            "timeouts": null
          },
          "sensitive_attributes": [],
          "private": "eyJlMmJmYjczMC1lY2FhLTExZTYtOGY4OC0zNDM2M2JjN2M0YzAiOnsiY3JlYXRlIjoxODAwMDAwMDAwMDAwLCJkZWxldGUiOjE4MDAwMDAwMDAwMDB9LCJzY2hlbWFfdmVyc2lvbiI6IjEifQ==",
          "dependencies": [
            "digitalocean_kubernetes_cluster.kubernetes_cluster"
          ]
        }
      ]
    },
    {
      "mode": "managed",
      "type": "digitalocean_loadbalancer",
      "name": "ingress_load_balancer",
      "provider": "provider[\"registry.terraform.io/digitalocean/digitalocean\"]",
      "instances": [
        {
          "schema_version": 1,
          "attributes": {
            "algorithm": "round_robin",
            "disable_lets_encrypt_dns_records": false,
            "droplet_ids": [],
            "droplet_tag": "",
            "enable_backend_keepalive": false,
            "enable_proxy_protocol": false,
            "forwarding_rule": [
              {
                "certificate_id": "",
                "certificate_name": "",
                "entry_port": 80,
                "entry_protocol": "http",
                "target_port": 80,
                "target_protocol": "http",
                "tls_passthrough": false
              }
            ],
            "healthcheck": [
              {
                "check_interval_seconds": 10,
                "healthy_threshold": 5,
                "path": "/",
                "port": 80,
                "protocol": "http",
                "response_timeout_seconds": 5,
                "unhealthy_threshold": 3
              }
            ],
            "id": "e302f525-42e2-459c-878d-2f48e8fde06f",
            "ip": "174.138.105.7",
            "name": "532c2783-bab5-4966-b238-457f65328ce0",
            "redirect_http_to_https": false,
            "region": "ams3",
            "size": "lb-small",
            "size_unit": 1,
            "status": "active",
            "sticky_sessions": [
              {
                "cookie_name": "",
                "cookie_ttl_seconds": 0,
                "type": "none"
              }
            ],
            "urn": "do:loadbalancer:e302f525-42e2-459c-878d-2f48e8fde06f",
            "vpc_uuid": "18c93bee-a82d-4eb8-93f1-dc0b74a7ad89"
          },
          "sensitive_attributes": [],
          "private": "eyJzY2hlbWFfdmVyc2lvbiI6IjEifQ==",
          "dependencies": [
            "digitalocean_kubernetes_cluster.kubernetes_cluster"
          ]
        }
      ]
    }
  ]
}
